
Microsoft Visual Studio Solution File, Format Version 12.00
# Visual Studio Version 17
VisualStudioVersion = 17.4.33213.308
MinimumVisualStudioVersion = 10.0.40219.1
Project("{FAE04EC0-301F-11D3-BF4B-00C04F79EFBC}") = "SynchrousProgramming", "SynchrousProgramming\SynchrousProgramming.csproj", "{FDA7216B-B171-453D-A0D3-E13980F6CC5D}"
EndProject
Project("{FAE04EC0-301F-11D3-BF4B-00C04F79EFBC}") = "Cores", "Cores\Cores.csproj", "{A760BD0D-18CA-4026-919E-BF7E12544EBF}"
EndProject
Project("{FAE04EC0-301F-11D3-BF4B-00C04F79EFBC}") = "01.ChangeFromSyncToAsyncProgramming", "01.ChangeFromSyncToAsyncProgramming\01.ChangeFromSyncToAsyncProgramming.csproj", "{F964AC7B-56EF-4992-B915-0685C60466F3}"
EndProject
Project("{FAE04EC0-301F-11D3-BF4B-00C04F79EFBC}") = "02.OperateTaskAsConcurrent", "02.OperateTaskAsConcurrent\02.OperateTaskAsConcurrent.csproj", "{5FF428C1-9497-4783-B559-8671EC1BBAC2}"
EndProject
Project("{FAE04EC0-301F-11D3-BF4B-00C04F79EFBC}") = "03.CompositionWithTasks", "03.CompositionWithTasks\03.CompositionWithTasks.csproj", "{3C0952E4-4AA0-45DF-8CC4-1956BE52CAF7}"
EndProject
Global
	GlobalSection(SolutionConfigurationPlatforms) = preSolution
		Debug|Any CPU = Debug|Any CPU
		Release|Any CPU = Release|Any CPU
	EndGlobalSection
	GlobalSection(ProjectConfigurationPlatforms) = postSolution
		{FDA7216B-B171-453D-A0D3-E13980F6CC5D}.Debug|Any CPU.ActiveCfg = Debug|Any CPU
		{FDA7216B-B171-453D-A0D3-E13980F6CC5D}.Debug|Any CPU.Build.0 = Debug|Any CPU
		{FDA7216B-B171-453D-A0D3-E13980F6CC5D}.Release|Any CPU.ActiveCfg = Release|Any CPU
		{FDA7216B-B171-453D-A0D3-E13980F6CC5D}.Release|Any CPU.Build.0 = Release|Any CPU
		{A760BD0D-18CA-4026-919E-BF7E12544EBF}.Debug|Any CPU.ActiveCfg = Debug|Any CPU
		{A760BD0D-18CA-4026-919E-BF7E12544EBF}.Debug|Any CPU.Build.0 = Debug|Any CPU
		{A760BD0D-18CA-4026-919E-BF7E12544EBF}.Release|Any CPU.ActiveCfg = Release|Any CPU
		{A760BD0D-18CA-4026-919E-BF7E12544EBF}.Release|Any CPU.Build.0 = Release|Any CPU
		{F964AC7B-56EF-4992-B915-0685C60466F3}.Debug|Any CPU.ActiveCfg = Debug|Any CPU
		{F964AC7B-56EF-4992-B915-0685C60466F3}.Debug|Any CPU.Build.0 = Debug|Any CPU
		{F964AC7B-56EF-4992-B915-0685C60466F3}.Release|Any CPU.ActiveCfg = Release|Any CPU
		{F964AC7B-56EF-4992-B915-0685C60466F3}.Release|Any CPU.Build.0 = Release|Any CPU
		{5FF428C1-9497-4783-B559-8671EC1BBAC2}.Debug|Any CPU.ActiveCfg = Debug|Any CPU
		{5FF428C1-9497-4783-B559-8671EC1BBAC2}.Debug|Any CPU.Build.0 = Debug|Any CPU
		{5FF428C1-9497-4783-B559-8671EC1BBAC2}.Release|Any CPU.ActiveCfg = Release|Any CPU
		{5FF428C1-9497-4783-B559-8671EC1BBAC2}.Release|Any CPU.Build.0 = Release|Any CPU
		{3C0952E4-4AA0-45DF-8CC4-1956BE52CAF7}.Debug|Any CPU.ActiveCfg = Debug|Any CPU
		{3C0952E4-4AA0-45DF-8CC4-1956BE52CAF7}.Debug|Any CPU.Build.0 = Debug|Any CPU
		{3C0952E4-4AA0-45DF-8CC4-1956BE52CAF7}.Release|Any CPU.ActiveCfg = Release|Any CPU
		{3C0952E4-4AA0-45DF-8CC4-1956BE52CAF7}.Release|Any CPU.Build.0 = Release|Any CPU
	EndGlobalSection
	GlobalSection(SolutionProperties) = preSolution
		HideSolutionNode = FALSE
	EndGlobalSection
	GlobalSection(ExtensibilityGlobals) = postSolution
		SolutionGuid = {A213721E-F2A2-4765-A2AB-C9C1EB6F8254}
	EndGlobalSection
EndGlobal
